
Microsoft Visual Studio Solution File, Format Version 12.00
# Visual Studio Version 17
VisualStudioVersion = 17.2.32630.192
MinimumVisualStudioVersion = 10.0.40219.1
Project("{FAE04EC0-301F-11D3-BF4B-00C04F79EFBC}") = "Chapter3", "Chapter3.csproj", "{F5AB260D-2A07-42BD-94FE-E4B1139AA6D4}"
EndProject
Global
	GlobalSection(SolutionConfigurationPlatforms) = preSolution
		Debug|Any CPU = Debug|Any CPU
		Release|Any CPU = Release|Any CPU
	EndGlobalSection
	GlobalSection(ProjectConfigurationPlatforms) = postSolution
		{F5AB260D-2A07-42BD-94FE-E4B1139AA6D4}.Debug|Any CPU.ActiveCfg = Debug|Any CPU
		{F5AB260D-2A07-42BD-94FE-E4B1139AA6D4}.Debug|Any CPU.Build.0 = Debug|Any CPU
		{F5AB260D-2A07-42BD-94FE-E4B1139AA6D4}.Release|Any CPU.ActiveCfg = Release|Any CPU
		{F5AB260D-2A07-42BD-94FE-E4B1139AA6D4}.Release|Any CPU.Build.0 = Release|Any CPU
	EndGlobalSection
	GlobalSection(SolutionProperties) = preSolution
		HideSolutionNode = FALSE
	EndGlobalSection
	GlobalSection(ExtensibilityGlobals) = postSolution
		SolutionGuid = {20C329D1-289D-4FB5-9B8C-2048A1914D0C}
	EndGlobalSection
EndGlobal
